
Microsoft Visual Studio Solution File, Format Version 11.00
# Visual Studio 2010
Project("{FAE04EC0-301F-11D3-BF4B-00C04F79EFBC}") = "MGN.PasswordGenerator.ConsoleApplication", "MGN.PasswordGenerator.ConsoleApplication\MGN.PasswordGenerator.ConsoleApplication.csproj", "{5CEC008A-5018-4152-AB38-288B27962BF7}"
EndProject
Project("{FAE04EC0-301F-11D3-BF4B-00C04F79EFBC}") = "MGN.PasswordGenerator.Model", "MGN.PasswordGenerator.Model\MGN.PasswordGenerator.Model.csproj", "{E9F781FE-D100-484C-BACB-3CC1D977E355}"
EndProject
Project("{FAE04EC0-301F-11D3-BF4B-00C04F79EFBC}") = "MGN.PasswordGenerator.Model.Tests", "MGN.PasswordGenerator.Model.Tests\MGN.PasswordGenerator.Model.Tests.csproj", "{4EDF67CC-4612-41A3-9CC2-9C29BFB494C4}"
EndProject
Project("{2150E333-8FDC-42A3-9474-1A3956D46DE8}") = "Solution Items", "Solution Items", "{297FC63D-D696-45CC-BA8C-F3C00DC92650}"
	ProjectSection(SolutionItems) = preProject
		README = README
	EndProjectSection
EndProject
Global
	GlobalSection(SolutionConfigurationPlatforms) = preSolution
		Debug|Any CPU = Debug|Any CPU
		Debug|Mixed Platforms = Debug|Mixed Platforms
		Debug|x86 = Debug|x86
		Release|Any CPU = Release|Any CPU
		Release|Mixed Platforms = Release|Mixed Platforms
		Release|x86 = Release|x86
	EndGlobalSection
	GlobalSection(ProjectConfigurationPlatforms) = postSolution
		{5CEC008A-5018-4152-AB38-288B27962BF7}.Debug|Any CPU.ActiveCfg = Debug|x86
		{5CEC008A-5018-4152-AB38-288B27962BF7}.Debug|Mixed Platforms.ActiveCfg = Debug|x86
		{5CEC008A-5018-4152-AB38-288B27962BF7}.Debug|Mixed Platforms.Build.0 = Debug|x86
		{5CEC008A-5018-4152-AB38-288B27962BF7}.Debug|x86.ActiveCfg = Debug|x86
		{5CEC008A-5018-4152-AB38-288B27962BF7}.Debug|x86.Build.0 = Debug|x86
		{5CEC008A-5018-4152-AB38-288B27962BF7}.Release|Any CPU.ActiveCfg = Release|x86
		{5CEC008A-5018-4152-AB38-288B27962BF7}.Release|Mixed Platforms.ActiveCfg = Release|x86
		{5CEC008A-5018-4152-AB38-288B27962BF7}.Release|Mixed Platforms.Build.0 = Release|x86
		{5CEC008A-5018-4152-AB38-288B27962BF7}.Release|x86.ActiveCfg = Release|x86
		{5CEC008A-5018-4152-AB38-288B27962BF7}.Release|x86.Build.0 = Release|x86
		{E9F781FE-D100-484C-BACB-3CC1D977E355}.Debug|Any CPU.ActiveCfg = Debug|Any CPU
		{E9F781FE-D100-484C-BACB-3CC1D977E355}.Debug|Any CPU.Build.0 = Debug|Any CPU
		{E9F781FE-D100-484C-BACB-3CC1D977E355}.Debug|Mixed Platforms.ActiveCfg = Debug|Any CPU
		{E9F781FE-D100-484C-BACB-3CC1D977E355}.Debug|Mixed Platforms.Build.0 = Debug|Any CPU
		{E9F781FE-D100-484C-BACB-3CC1D977E355}.Debug|x86.ActiveCfg = Debug|Any CPU
		{E9F781FE-D100-484C-BACB-3CC1D977E355}.Release|Any CPU.ActiveCfg = Release|Any CPU
		{E9F781FE-D100-484C-BACB-3CC1D977E355}.Release|Any CPU.Build.0 = Release|Any CPU
		{E9F781FE-D100-484C-BACB-3CC1D977E355}.Release|Mixed Platforms.ActiveCfg = Release|Any CPU
		{E9F781FE-D100-484C-BACB-3CC1D977E355}.Release|Mixed Platforms.Build.0 = Release|Any CPU
		{E9F781FE-D100-484C-BACB-3CC1D977E355}.Release|x86.ActiveCfg = Release|Any CPU
		{4EDF67CC-4612-41A3-9CC2-9C29BFB494C4}.Debug|Any CPU.ActiveCfg = Debug|Any CPU
		{4EDF67CC-4612-41A3-9CC2-9C29BFB494C4}.Debug|Any CPU.Build.0 = Debug|Any CPU
		{4EDF67CC-4612-41A3-9CC2-9C29BFB494C4}.Debug|Mixed Platforms.ActiveCfg = Debug|Any CPU
		{4EDF67CC-4612-41A3-9CC2-9C29BFB494C4}.Debug|Mixed Platforms.Build.0 = Debug|Any CPU
		{4EDF67CC-4612-41A3-9CC2-9C29BFB494C4}.Debug|x86.ActiveCfg = Debug|Any CPU
		{4EDF67CC-4612-41A3-9CC2-9C29BFB494C4}.Release|Any CPU.ActiveCfg = Release|Any CPU
		{4EDF67CC-4612-41A3-9CC2-9C29BFB494C4}.Release|Any CPU.Build.0 = Release|Any CPU
		{4EDF67CC-4612-41A3-9CC2-9C29BFB494C4}.Release|Mixed Platforms.ActiveCfg = Release|Any CPU
		{4EDF67CC-4612-41A3-9CC2-9C29BFB494C4}.Release|Mixed Platforms.Build.0 = Release|Any CPU
		{4EDF67CC-4612-41A3-9CC2-9C29BFB494C4}.Release|x86.ActiveCfg = Release|Any CPU
	EndGlobalSection
	GlobalSection(SolutionProperties) = preSolution
		HideSolutionNode = FALSE
	EndGlobalSection
EndGlobal
